{
  "pins" : [
    {
      "identity" : "swift-syntax",
      "kind" : "remoteSourceControl",
      "location" : "https://github.com/apple/swift-syntax",
      "state" : {
        "revision" : "2bc86522d115234d1f588efe2bcb4ce4be8f8b82",
        "version" : "510.0.3"
      }
    },
    {
      "identity" : "swiftgodot",
      "kind" : "remoteSourceControl",
      "location" : "https://github.com/singaofficial/SwiftGodot",
      "state" : {
        "revision" : "f6a503477c21734bcc5393f06f1c6221aec08db9",
        "version" : "4.6.3-singa"
      }
    }
  ],
  "version" : 2
}
